// !$*UTF8*$!
{
	archiveVersion = 1;
	classes = {
	};
	objectVersion = 48;
	objects = {

/* Begin PBXBuildFile section */
		036E350D201624EB004E0E8A /* GauntletGameScene.sks in Resources */ = {isa = PBXBuildFile; fileRef = 036E350C201624EB004E0E8A /* GauntletGameScene.sks */; };
		036E350F201625F2004E0E8A /* Gauntlet.storyboard in Resources */ = {isa = PBXBuildFile; fileRef = 036E350E201625F2004E0E8A /* Gauntlet.storyboard */; };
		03E27B172006513A0043867A /* Images in Resources */ = {isa = PBXBuildFile; fileRef = 03E27B152006513A0043867A /* Images */; };
		03E27B182006513A0043867A /* Sound Effects in Resources */ = {isa = PBXBuildFile; fileRef = 03E27B162006513A0043867A /* Sound Effects */; };
		03E27B232006516A0043867A /* CharacterSelectionViewController.swift in Sources */ = {isa = PBXBuildFile; fileRef = 03E27B1A2006516A0043867A /* CharacterSelectionViewController.swift */; };
		03E27B242006516A0043867A /* GauntletGameScene.swift in Sources */ = {isa = PBXBuildFile; fileRef = 03E27B1B2006516A0043867A /* GauntletGameScene.swift */; };
		03E27B252006516A0043867A /* TutorialViewController.swift in Sources */ = {isa = PBXBuildFile; fileRef = 03E27B1C2006516A0043867A /* TutorialViewController.swift */; };
		03E27B262006516A0043867A /* Universal Variables.swift in Sources */ = {isa = PBXBuildFile; fileRef = 03E27B1D2006516A0043867A /* Universal Variables.swift */; };
		03E27B272006516A0043867A /* Actions.sks in Resources */ = {isa = PBXBuildFile; fileRef = 03E27B1E2006516A0043867A /* Actions.sks */; };
		03E27B282006516A0043867A /* scoreViewController.swift in Sources */ = {isa = PBXBuildFile; fileRef = 03E27B1F2006516A0043867A /* scoreViewController.swift */; };
		03E27B2A2006516A0043867A /* GameViewController.swift in Sources */ = {isa = PBXBuildFile; fileRef = 03E27B212006516A0043867A /* GameViewController.swift */; };
		6B676E661FEBEEA8005C0462 /* GameOverScene.swift in Sources */ = {isa = PBXBuildFile; fileRef = 6B676E651FEBEEA8005C0462 /* GameOverScene.swift */; };
		6B676E681FEBEEF2005C0462 /* SpaceGameScene.swift in Sources */ = {isa = PBXBuildFile; fileRef = 6B676E671FEBEEF2005C0462 /* SpaceGameScene.swift */; };
		8A2C03122004FAAA00A4D87A /* Actions.sks in Resources */ = {isa = PBXBuildFile; fileRef = 8A2C03112004FAAA00A4D87A /* Actions.sks */; };
		8A2C03172004FB2500A4D87A /* TitleScene.swift in Sources */ = {isa = PBXBuildFile; fileRef = 8A2C03132004FB2500A4D87A /* TitleScene.swift */; };
		8A2C03182004FB2500A4D87A /* PongGameScene.swift in Sources */ = {isa = PBXBuildFile; fileRef = 8A2C03142004FB2500A4D87A /* PongGameScene.swift */; };
		8A2C03192004FB2500A4D87A /* TitleScene.sks in Resources */ = {isa = PBXBuildFile; fileRef = 8A2C03152004FB2500A4D87A /* TitleScene.sks */; };
		8A2C031A2004FB2500A4D87A /* PongGameScene.sks in Resources */ = {isa = PBXBuildFile; fileRef = 8A2C03162004FB2500A4D87A /* PongGameScene.sks */; };
		8A2C031E2004FB3B00A4D87A /* PongGameViewController.swift in Sources */ = {isa = PBXBuildFile; fileRef = 8A2C031B2004FB3B00A4D87A /* PongGameViewController.swift */; };
		B33489251FE166FF0098E8F1 /* AppDelegate.swift in Sources */ = {isa = PBXBuildFile; fileRef = B33489241FE166FF0098E8F1 /* AppDelegate.swift */; };
		B33489271FE166FF0098E8F1 /* ViewController.swift in Sources */ = {isa = PBXBuildFile; fileRef = B33489261FE166FF0098E8F1 /* ViewController.swift */; };
		B334892A1FE166FF0098E8F1 /* Main.storyboard in Resources */ = {isa = PBXBuildFile; fileRef = B33489281FE166FF0098E8F1 /* Main.storyboard */; };
		B334892C1FE166FF0098E8F1 /* Assets.xcassets in Resources */ = {isa = PBXBuildFile; fileRef = B334892B1FE166FF0098E8F1 /* Assets.xcassets */; };
		B334892F1FE166FF0098E8F1 /* LaunchScreen.storyboard in Resources */ = {isa = PBXBuildFile; fileRef = B334892D1FE166FF0098E8F1 /* LaunchScreen.storyboard */; };
		B33489441FE16A250098E8F1 /* Wheel.storyboard in Resources */ = {isa = PBXBuildFile; fileRef = B33489431FE16A250098E8F1 /* Wheel.storyboard */; };
		B33489461FE16A380098E8F1 /* WheelVC.swift in Sources */ = {isa = PBXBuildFile; fileRef = B33489451FE16A380098E8F1 /* WheelVC.swift */; };
		B33489481FE16A6D0098E8F1 /* PlayerProfileVC.swift in Sources */ = {isa = PBXBuildFile; fileRef = B33489471FE16A6D0098E8F1 /* PlayerProfileVC.swift */; };
		B334894A1FE16A7C0098E8F1 /* PlayerProfile.storyboard in Resources */ = {isa = PBXBuildFile; fileRef = B33489491FE16A7C0098E8F1 /* PlayerProfile.storyboard */; };
		B334894C1FE16A8D0098E8F1 /* Achievements.storyboard in Resources */ = {isa = PBXBuildFile; fileRef = B334894B1FE16A8D0098E8F1 /* Achievements.storyboard */; };
		B334894E1FE16AA50098E8F1 /* AchievementsVC.swift in Sources */ = {isa = PBXBuildFile; fileRef = B334894D1FE16AA50098E8F1 /* AchievementsVC.swift */; };
		B33489501FE16AC60098E8F1 /* LeaderBoard.storyboard in Resources */ = {isa = PBXBuildFile; fileRef = B334894F1FE16AC60098E8F1 /* LeaderBoard.storyboard */; };
		B33489521FE16AD40098E8F1 /* LeaderboardVC.swift in Sources */ = {isa = PBXBuildFile; fileRef = B33489511FE16AD40098E8F1 /* LeaderboardVC.swift */; };
		B33489541FE16AE40098E8F1 /* SpaceInvaders.storyboard in Resources */ = {isa = PBXBuildFile; fileRef = B33489531FE16AE40098E8F1 /* SpaceInvaders.storyboard */; };
		B33489561FE16AFD0098E8F1 /* SpaceInvadersVC.swift in Sources */ = {isa = PBXBuildFile; fileRef = B33489551FE16AFD0098E8F1 /* SpaceInvadersVC.swift */; };
		B33489581FE16B100098E8F1 /* Pacman.storyboard in Resources */ = {isa = PBXBuildFile; fileRef = B33489571FE16B100098E8F1 /* Pacman.storyboard */; };
		B334895A1FE16B1D0098E8F1 /* PacmanVC.swift in Sources */ = {isa = PBXBuildFile; fileRef = B33489591FE16B1D0098E8F1 /* PacmanVC.swift */; };
		B334895C1FE16B2F0098E8F1 /* GauntletVC.swift in Sources */ = {isa = PBXBuildFile; fileRef = B334895B1FE16B2F0098E8F1 /* GauntletVC.swift */; };
		B33489601FE16B570098E8F1 /* Pong.storyboard in Resources */ = {isa = PBXBuildFile; fileRef = B334895F1FE16B570098E8F1 /* Pong.storyboard */; };
		B33489621FE16B630098E8F1 /* PongVC.swift in Sources */ = {isa = PBXBuildFile; fileRef = B33489611FE16B630098E8F1 /* PongVC.swift */; };
		B33489641FE16B6E0098E8F1 /* SnakeVC.swift in Sources */ = {isa = PBXBuildFile; fileRef = B33489631FE16B6E0098E8F1 /* SnakeVC.swift */; };
		B3439B4A2007A53D0055E70F /* BlinkAI.swift in Sources */ = {isa = PBXBuildFile; fileRef = B3439B3D2007A53B0055E70F /* BlinkAI.swift */; };
		B3439B4B2007A53D0055E70F /* grid detection.swift in Sources */ = {isa = PBXBuildFile; fileRef = B3439B3E2007A53B0055E70F /* grid detection.swift */; };
		B3439B4C2007A53D0055E70F /* Move.swift in Sources */ = {isa = PBXBuildFile; fileRef = B3439B3F2007A53B0055E70F /* Move.swift */; };
		B3439B4D2007A53D0055E70F /* Center of tile function.swift in Sources */ = {isa = PBXBuildFile; fileRef = B3439B402007A53B0055E70F /* Center of tile function.swift */; };
		B3439B4E2007A53D0055E70F /* ClydeAI.swift in Sources */ = {isa = PBXBuildFile; fileRef = B3439B412007A53B0055E70F /* ClydeAI.swift */; };
		B3439B4F2007A53D0055E70F /* Grid Detection X.swift in Sources */ = {isa = PBXBuildFile; fileRef = B3439B422007A53C0055E70F /* Grid Detection X.swift */; };
		B3439B502007A53D0055E70F /* Map.swift in Sources */ = {isa = PBXBuildFile; fileRef = B3439B432007A53C0055E70F /* Map.swift */; };
		B3439B512007A53D0055E70F /* PacmanGameScene.swift in Sources */ = {isa = PBXBuildFile; fileRef = B3439B442007A53C0055E70F /* PacmanGameScene.swift */; };
		B3439B522007A53D0055E70F /* InkyAI.swift in Sources */ = {isa = PBXBuildFile; fileRef = B3439B452007A53C0055E70F /* InkyAI.swift */; };
		B3439B532007A53D0055E70F /* Grid Detection Y.swift in Sources */ = {isa = PBXBuildFile; fileRef = B3439B462007A53C0055E70F /* Grid Detection Y.swift */; };
		B3439B542007A53D0055E70F /* PacmanGameScene.sks in Resources */ = {isa = PBXBuildFile; fileRef = B3439B472007A53C0055E70F /* PacmanGameScene.sks */; };
		B3439B552007A53D0055E70F /* Actions.sks in Resources */ = {isa = PBXBuildFile; fileRef = B3439B482007A53C0055E70F /* Actions.sks */; };
		B3439B562007A53D0055E70F /* PinkyAI.swift in Sources */ = {isa = PBXBuildFile; fileRef = B3439B492007A53C0055E70F /* PinkyAI.swift */; };
		B39D05721FE401F50072031D /* ToWheel.swift in Sources */ = {isa = PBXBuildFile; fileRef = B39D05711FE401F50072031D /* ToWheel.swift */; };
		B39D05741FE402E70072031D /* ToPlayerProfile.swift in Sources */ = {isa = PBXBuildFile; fileRef = B39D05731FE402E70072031D /* ToPlayerProfile.swift */; };
		B39D05761FE4033C0072031D /* ToAchievements.swift in Sources */ = {isa = PBXBuildFile; fileRef = B39D05751FE4033C0072031D /* ToAchievements.swift */; };
		B39D05781FE403730072031D /* ToLeaderboard.swift in Sources */ = {isa = PBXBuildFile; fileRef = B39D05771FE403730072031D /* ToLeaderboard.swift */; };
		F8273120200E374C002F065F /* SnakeViewController.swift in Sources */ = {isa = PBXBuildFile; fileRef = F827311E200E374C002F065F /* SnakeViewController.swift */; };
		F8273121200E374C002F065F /* Snake.swift in Sources */ = {isa = PBXBuildFile; fileRef = F827311F200E374C002F065F /* Snake.swift */; };
		F872D67A200E35A300E85B67 /* Snake.storyboard in Resources */ = {isa = PBXBuildFile; fileRef = F872D679200E35A300E85B67 /* Snake.storyboard */; };
/* End PBXBuildFile section */

/* Begin PBXFileReference section */
		036E350C201624EB004E0E8A /* GauntletGameScene.sks */ = {isa = PBXFileReference; lastKnownFileType = file.sks; path = GauntletGameScene.sks; sourceTree = "<group>"; };
		036E350E201625F2004E0E8A /* Gauntlet.storyboard */ = {isa = PBXFileReference; fileEncoding = 4; lastKnownFileType = file.storyboard; path = Gauntlet.storyboard; sourceTree = "<group>"; };
		03E27B152006513A0043867A /* Images */ = {isa = PBXFileReference; lastKnownFileType = folder; path = Images; sourceTree = "<group>"; };
		03E27B162006513A0043867A /* Sound Effects */ = {isa = PBXFileReference; lastKnownFileType = folder; path = "Sound Effects"; sourceTree = "<group>"; };
		03E27B1A2006516A0043867A /* CharacterSelectionViewController.swift */ = {isa = PBXFileReference; fileEncoding = 4; lastKnownFileType = sourcecode.swift; path = CharacterSelectionViewController.swift; sourceTree = "<group>"; };
		03E27B1B2006516A0043867A /* GauntletGameScene.swift */ = {isa = PBXFileReference; fileEncoding = 4; lastKnownFileType = sourcecode.swift; path = GauntletGameScene.swift; sourceTree = "<group>"; };
		03E27B1C2006516A0043867A /* TutorialViewController.swift */ = {isa = PBXFileReference; fileEncoding = 4; lastKnownFileType = sourcecode.swift; path = TutorialViewController.swift; sourceTree = "<group>"; };
		03E27B1D2006516A0043867A /* Universal Variables.swift */ = {isa = PBXFileReference; fileEncoding = 4; lastKnownFileType = sourcecode.swift; path = "Universal Variables.swift"; sourceTree = "<group>"; };
		03E27B1E2006516A0043867A /* Actions.sks */ = {isa = PBXFileReference; lastKnownFileType = file.sks; path = Actions.sks; sourceTree = "<group>"; };
		03E27B1F2006516A0043867A /* scoreViewController.swift */ = {isa = PBXFileReference; fileEncoding = 4; lastKnownFileType = sourcecode.swift; path = scoreViewController.swift; sourceTree = "<group>"; };
		03E27B212006516A0043867A /* GameViewController.swift */ = {isa = PBXFileReference; fileEncoding = 4; lastKnownFileType = sourcecode.swift; path = GameViewController.swift; sourceTree = "<group>"; };
		6B676E651FEBEEA8005C0462 /* GameOverScene.swift */ = {isa = PBXFileReference; lastKnownFileType = sourcecode.swift; path = GameOverScene.swift; sourceTree = "<group>"; };
		6B676E671FEBEEF2005C0462 /* SpaceGameScene.swift */ = {isa = PBXFileReference; lastKnownFileType = sourcecode.swift; path = SpaceGameScene.swift; sourceTree = "<group>"; };
		8A2C03112004FAAA00A4D87A /* Actions.sks */ = {isa = PBXFileReference; lastKnownFileType = file.sks; path = Actions.sks; sourceTree = "<group>"; };
		8A2C03132004FB2500A4D87A /* TitleScene.swift */ = {isa = PBXFileReference; fileEncoding = 4; lastKnownFileType = sourcecode.swift; path = TitleScene.swift; sourceTree = "<group>"; };
		8A2C03142004FB2500A4D87A /* PongGameScene.swift */ = {isa = PBXFileReference; fileEncoding = 4; lastKnownFileType = sourcecode.swift; path = PongGameScene.swift; sourceTree = "<group>"; };
		8A2C03152004FB2500A4D87A /* TitleScene.sks */ = {isa = PBXFileReference; lastKnownFileType = file.sks; path = TitleScene.sks; sourceTree = "<group>"; };
		8A2C03162004FB2500A4D87A /* PongGameScene.sks */ = {isa = PBXFileReference; lastKnownFileType = file.sks; path = PongGameScene.sks; sourceTree = "<group>"; };
		8A2C031B2004FB3B00A4D87A /* PongGameViewController.swift */ = {isa = PBXFileReference; fileEncoding = 4; lastKnownFileType = sourcecode.swift; path = PongGameViewController.swift; sourceTree = "<group>"; };
		B33489211FE166FF0098E8F1 /* RetroApp.app */ = {isa = PBXFileReference; explicitFileType = wrapper.application; includeInIndex = 0; path = RetroApp.app; sourceTree = BUILT_PRODUCTS_DIR; };
		B33489241FE166FF0098E8F1 /* AppDelegate.swift */ = {isa = PBXFileReference; lastKnownFileType = sourcecode.swift; path = AppDelegate.swift; sourceTree = "<group>"; };
		B33489261FE166FF0098E8F1 /* ViewController.swift */ = {isa = PBXFileReference; lastKnownFileType = sourcecode.swift; path = ViewController.swift; sourceTree = "<group>"; };
		B33489291FE166FF0098E8F1 /* Base */ = {isa = PBXFileReference; lastKnownFileType = file.storyboard; name = Base; path = Base.lproj/Main.storyboard; sourceTree = "<group>"; };
		B334892B1FE166FF0098E8F1 /* Assets.xcassets */ = {isa = PBXFileReference; lastKnownFileType = folder.assetcatalog; path = Assets.xcassets; sourceTree = "<group>"; };
		B334892E1FE166FF0098E8F1 /* Base */ = {isa = PBXFileReference; lastKnownFileType = file.storyboard; name = Base; path = Base.lproj/LaunchScreen.storyboard; sourceTree = "<group>"; };
		B33489301FE166FF0098E8F1 /* Info.plist */ = {isa = PBXFileReference; lastKnownFileType = text.plist.xml; path = Info.plist; sourceTree = "<group>"; };
		B33489431FE16A250098E8F1 /* Wheel.storyboard */ = {isa = PBXFileReference; lastKnownFileType = file.storyboard; path = Wheel.storyboard; sourceTree = "<group>"; };
		B33489451FE16A380098E8F1 /* WheelVC.swift */ = {isa = PBXFileReference; lastKnownFileType = sourcecode.swift; path = WheelVC.swift; sourceTree = "<group>"; };
		B33489471FE16A6D0098E8F1 /* PlayerProfileVC.swift */ = {isa = PBXFileReference; lastKnownFileType = sourcecode.swift; path = PlayerProfileVC.swift; sourceTree = "<group>"; };
		B33489491FE16A7C0098E8F1 /* PlayerProfile.storyboard */ = {isa = PBXFileReference; lastKnownFileType = file.storyboard; path = PlayerProfile.storyboard; sourceTree = "<group>"; };
		B334894B1FE16A8D0098E8F1 /* Achievements.storyboard */ = {isa = PBXFileReference; lastKnownFileType = file.storyboard; path = Achievements.storyboard; sourceTree = "<group>"; };
		B334894D1FE16AA50098E8F1 /* AchievementsVC.swift */ = {isa = PBXFileReference; lastKnownFileType = sourcecode.swift; path = AchievementsVC.swift; sourceTree = "<group>"; };
		B334894F1FE16AC60098E8F1 /* LeaderBoard.storyboard */ = {isa = PBXFileReference; lastKnownFileType = file.storyboard; path = LeaderBoard.storyboard; sourceTree = "<group>"; };
		B33489511FE16AD40098E8F1 /* LeaderboardVC.swift */ = {isa = PBXFileReference; lastKnownFileType = sourcecode.swift; path = LeaderboardVC.swift; sourceTree = "<group>"; };
		B33489531FE16AE40098E8F1 /* SpaceInvaders.storyboard */ = {isa = PBXFileReference; lastKnownFileType = file.storyboard; path = SpaceInvaders.storyboard; sourceTree = "<group>"; };
		B33489551FE16AFD0098E8F1 /* SpaceInvadersVC.swift */ = {isa = PBXFileReference; lastKnownFileType = sourcecode.swift; path = SpaceInvadersVC.swift; sourceTree = "<group>"; };
		B33489571FE16B100098E8F1 /* Pacman.storyboard */ = {isa = PBXFileReference; lastKnownFileType = file.storyboard; path = Pacman.storyboard; sourceTree = "<group>"; };
		B33489591FE16B1D0098E8F1 /* PacmanVC.swift */ = {isa = PBXFileReference; lastKnownFileType = sourcecode.swift; path = PacmanVC.swift; sourceTree = "<group>"; };
		B334895B1FE16B2F0098E8F1 /* GauntletVC.swift */ = {isa = PBXFileReference; lastKnownFileType = sourcecode.swift; path = GauntletVC.swift; sourceTree = "<group>"; };
		B334895F1FE16B570098E8F1 /* Pong.storyboard */ = {isa = PBXFileReference; lastKnownFileType = file.storyboard; path = Pong.storyboard; sourceTree = "<group>"; };
		B33489611FE16B630098E8F1 /* PongVC.swift */ = {isa = PBXFileReference; lastKnownFileType = sourcecode.swift; path = PongVC.swift; sourceTree = "<group>"; };
		B33489631FE16B6E0098E8F1 /* SnakeVC.swift */ = {isa = PBXFileReference; lastKnownFileType = sourcecode.swift; path = SnakeVC.swift; sourceTree = "<group>"; };
		B3439B3D2007A53B0055E70F /* BlinkAI.swift */ = {isa = PBXFileReference; fileEncoding = 4; lastKnownFileType = sourcecode.swift; path = BlinkAI.swift; sourceTree = "<group>"; };
		B3439B3E2007A53B0055E70F /* grid detection.swift */ = {isa = PBXFileReference; fileEncoding = 4; lastKnownFileType = sourcecode.swift; path = "grid detection.swift"; sourceTree = "<group>"; };
		B3439B3F2007A53B0055E70F /* Move.swift */ = {isa = PBXFileReference; fileEncoding = 4; lastKnownFileType = sourcecode.swift; path = Move.swift; sourceTree = "<group>"; };
		B3439B402007A53B0055E70F /* Center of tile function.swift */ = {isa = PBXFileReference; fileEncoding = 4; lastKnownFileType = sourcecode.swift; path = "Center of tile function.swift"; sourceTree = "<group>"; };
		B3439B412007A53B0055E70F /* ClydeAI.swift */ = {isa = PBXFileReference; fileEncoding = 4; lastKnownFileType = sourcecode.swift; path = ClydeAI.swift; sourceTree = "<group>"; };
		B3439B422007A53C0055E70F /* Grid Detection X.swift */ = {isa = PBXFileReference; fileEncoding = 4; lastKnownFileType = sourcecode.swift; path = "Grid Detection X.swift"; sourceTree = "<group>"; };
		B3439B432007A53C0055E70F /* Map.swift */ = {isa = PBXFileReference; fileEncoding = 4; lastKnownFileType = sourcecode.swift; path = Map.swift; sourceTree = "<group>"; };
		B3439B442007A53C0055E70F /* PacmanGameScene.swift */ = {isa = PBXFileReference; fileEncoding = 4; lastKnownFileType = sourcecode.swift; path = PacmanGameScene.swift; sourceTree = "<group>"; };
		B3439B452007A53C0055E70F /* InkyAI.swift */ = {isa = PBXFileReference; fileEncoding = 4; lastKnownFileType = sourcecode.swift; path = InkyAI.swift; sourceTree = "<group>"; };
		B3439B462007A53C0055E70F /* Grid Detection Y.swift */ = {isa = PBXFileReference; fileEncoding = 4; lastKnownFileType = sourcecode.swift; path = "Grid Detection Y.swift"; sourceTree = "<group>"; };
		B3439B472007A53C0055E70F /* PacmanGameScene.sks */ = {isa = PBXFileReference; lastKnownFileType = file.sks; path = PacmanGameScene.sks; sourceTree = "<group>"; };
		B3439B482007A53C0055E70F /* Actions.sks */ = {isa = PBXFileReference; lastKnownFileType = file.sks; path = Actions.sks; sourceTree = "<group>"; };
		B3439B492007A53C0055E70F /* PinkyAI.swift */ = {isa = PBXFileReference; fileEncoding = 4; lastKnownFileType = sourcecode.swift; path = PinkyAI.swift; sourceTree = "<group>"; };
		B39D05711FE401F50072031D /* ToWheel.swift */ = {isa = PBXFileReference; lastKnownFileType = sourcecode.swift; path = ToWheel.swift; sourceTree = "<group>"; };
		B39D05731FE402E70072031D /* ToPlayerProfile.swift */ = {isa = PBXFileReference; lastKnownFileType = sourcecode.swift; path = ToPlayerProfile.swift; sourceTree = "<group>"; };
		B39D05751FE4033C0072031D /* ToAchievements.swift */ = {isa = PBXFileReference; lastKnownFileType = sourcecode.swift; path = ToAchievements.swift; sourceTree = "<group>"; };
		B39D05771FE403730072031D /* ToLeaderboard.swift */ = {isa = PBXFileReference; lastKnownFileType = sourcecode.swift; path = ToLeaderboard.swift; sourceTree = "<group>"; };
		F827311E200E374C002F065F /* SnakeViewController.swift */ = {isa = PBXFileReference; fileEncoding = 4; lastKnownFileType = sourcecode.swift; path = SnakeViewController.swift; sourceTree = "<group>"; };
		F827311F200E374C002F065F /* Snake.swift */ = {isa = PBXFileReference; fileEncoding = 4; lastKnownFileType = sourcecode.swift; path = Snake.swift; sourceTree = "<group>"; };
		F872D679200E35A300E85B67 /* Snake.storyboard */ = {isa = PBXFileReference; fileEncoding = 4; lastKnownFileType = file.storyboard; path = Snake.storyboard; sourceTree = "<group>"; };
/* End PBXFileReference section */

/* Begin PBXFrameworksBuildPhase section */
		B334891E1FE166FF0098E8F1 /* Frameworks */ = {
			isa = PBXFrameworksBuildPhase;
			buildActionMask = 2147483647;
			files = (
			);
			runOnlyForDeploymentPostprocessing = 0;
		};
/* End PBXFrameworksBuildPhase section */

/* Begin PBXGroup section */
		B33489181FE166FF0098E8F1 = {
			isa = PBXGroup;
			children = (
				B33489231FE166FF0098E8F1 /* RetroApp */,
				B33489221FE166FF0098E8F1 /* Products */,
			);
			sourceTree = "<group>";
		};
		B33489221FE166FF0098E8F1 /* Products */ = {
			isa = PBXGroup;
			children = (
				B33489211FE166FF0098E8F1 /* RetroApp.app */,
			);
			name = Products;
			sourceTree = "<group>";
		};
		B33489231FE166FF0098E8F1 /* RetroApp */ = {
			isa = PBXGroup;
			children = (
				B33489421FE169ED0098E8F1 /* Wheel */,
				B33489411FE169DB0098E8F1 /* Player Profile */,
				B33489401FE169920098E8F1 /* Achievements */,
				B334893F1FE168500098E8F1 /* Leaderboard */,
				B334893D1FE168170098E8F1 /* Space Invaders */,
				B334893B1FE167E20098E8F1 /* Pacman */,
				B334893A1FE167D80098E8F1 /* Gauntlet */,
				B33489381FE167BF0098E8F1 /* Pong */,
				B33489371FE167B00098E8F1 /* Snake */,
				B334892B1FE166FF0098E8F1 /* Assets.xcassets */,
				B33489241FE166FF0098E8F1 /* AppDelegate.swift */,
				B33489281FE166FF0098E8F1 /* Main.storyboard */,
				B39D05711FE401F50072031D /* ToWheel.swift */,
				B39D05731FE402E70072031D /* ToPlayerProfile.swift */,
				B39D05751FE4033C0072031D /* ToAchievements.swift */,
				B39D05771FE403730072031D /* ToLeaderboard.swift */,
				B33489261FE166FF0098E8F1 /* ViewController.swift */,
				B334892D1FE166FF0098E8F1 /* LaunchScreen.storyboard */,
				B33489301FE166FF0098E8F1 /* Info.plist */,
			);
			path = RetroApp;
			sourceTree = "<group>";
		};
		B33489371FE167B00098E8F1 /* Snake */ = {
			isa = PBXGroup;
			children = (
				F827311F200E374C002F065F /* Snake.swift */,
				F827311E200E374C002F065F /* SnakeViewController.swift */,
				F872D679200E35A300E85B67 /* Snake.storyboard */,
				B33489631FE16B6E0098E8F1 /* SnakeVC.swift */,
			);
			path = Snake;
			sourceTree = "<group>";
		};
		B33489381FE167BF0098E8F1 /* Pong */ = {
			isa = PBXGroup;
			children = (
				8A2C031B2004FB3B00A4D87A /* PongGameViewController.swift */,
				8A2C03112004FAAA00A4D87A /* Actions.sks */,
				B334895F1FE16B570098E8F1 /* Pong.storyboard */,
				B33489611FE16B630098E8F1 /* PongVC.swift */,
				8A2C03162004FB2500A4D87A /* PongGameScene.sks */,
				8A2C03142004FB2500A4D87A /* PongGameScene.swift */,
				8A2C03152004FB2500A4D87A /* TitleScene.sks */,
				8A2C03132004FB2500A4D87A /* TitleScene.swift */,
			);
			path = Pong;
			sourceTree = "<group>";
		};
		B334893A1FE167D80098E8F1 /* Gauntlet */ = {
			isa = PBXGroup;
			children = (
				03E27B1E2006516A0043867A /* Actions.sks */,
				03E27B1A2006516A0043867A /* CharacterSelectionViewController.swift */,
				036E350C201624EB004E0E8A /* GauntletGameScene.sks */,
				03E27B1B2006516A0043867A /* GauntletGameScene.swift */,
				03E27B212006516A0043867A /* GameViewController.swift */,
				03E27B1F2006516A0043867A /* scoreViewController.swift */,
				03E27B1C2006516A0043867A /* TutorialViewController.swift */,
				036E350E201625F2004E0E8A /* Gauntlet.storyboard */,
				B334895B1FE16B2F0098E8F1 /* GauntletVC.swift */,
				03E27B1D2006516A0043867A /* Universal Variables.swift */,
				03E27B162006513A0043867A /* Sound Effects */,
				03E27B152006513A0043867A /* Images */,
			);
			path = Gauntlet;
			sourceTree = "<group>";
		};
		B334893B1FE167E20098E8F1 /* Pacman */ = {
			isa = PBXGroup;
			children = (
				B33489571FE16B100098E8F1 /* Pacman.storyboard */,
				B33489591FE16B1D0098E8F1 /* PacmanVC.swift */,
				B3439B482007A53C0055E70F /* Actions.sks */,
				B3439B3D2007A53B0055E70F /* BlinkAI.swift */,
				B3439B402007A53B0055E70F /* Center of tile function.swift */,
				B3439B412007A53B0055E70F /* ClydeAI.swift */,
				B3439B472007A53C0055E70F /* PacmanGameScene.sks */,
				B3439B442007A53C0055E70F /* PacmanGameScene.swift */,
				B3439B422007A53C0055E70F /* Grid Detection X.swift */,
				B3439B462007A53C0055E70F /* Grid Detection Y.swift */,
				B3439B3E2007A53B0055E70F /* grid detection.swift */,
				B3439B452007A53C0055E70F /* InkyAI.swift */,
				B3439B432007A53C0055E70F /* Map.swift */,
				B3439B3F2007A53B0055E70F /* Move.swift */,
				B3439B492007A53C0055E70F /* PinkyAI.swift */,
			);
			path = Pacman;
			sourceTree = "<group>";
		};
		B334893D1FE168170098E8F1 /* Space Invaders */ = {
			isa = PBXGroup;
			children = (
				B33489531FE16AE40098E8F1 /* SpaceInvaders.storyboard */,
				B33489551FE16AFD0098E8F1 /* SpaceInvadersVC.swift */,
				6B676E671FEBEEF2005C0462 /* SpaceGameScene.swift */,
				6B676E651FEBEEA8005C0462 /* GameOverScene.swift */,
			);
			path = "Space Invaders";
			sourceTree = "<group>";
		};
		B334893F1FE168500098E8F1 /* Leaderboard */ = {
			isa = PBXGroup;
			children = (
				B334894F1FE16AC60098E8F1 /* LeaderBoard.storyboard */,
				B33489511FE16AD40098E8F1 /* LeaderboardVC.swift */,
			);
			path = Leaderboard;
			sourceTree = "<group>";
		};
		B33489401FE169920098E8F1 /* Achievements */ = {
			isa = PBXGroup;
			children = (
				B334894B1FE16A8D0098E8F1 /* Achievements.storyboard */,
				B334894D1FE16AA50098E8F1 /* AchievementsVC.swift */,
			);
			path = Achievements;
			sourceTree = "<group>";
		};
		B33489411FE169DB0098E8F1 /* Player Profile */ = {
			isa = PBXGroup;
			children = (
				B33489491FE16A7C0098E8F1 /* PlayerProfile.storyboard */,
				B33489471FE16A6D0098E8F1 /* PlayerProfileVC.swift */,
			);
			path = "Player Profile";
			sourceTree = "<group>";
		};
		B33489421FE169ED0098E8F1 /* Wheel */ = {
			isa = PBXGroup;
			children = (
				B33489431FE16A250098E8F1 /* Wheel.storyboard */,
				B33489451FE16A380098E8F1 /* WheelVC.swift */,
			);
			path = Wheel;
			sourceTree = "<group>";
		};
/* End PBXGroup section */

/* Begin PBXNativeTarget section */
		B33489201FE166FF0098E8F1 /* RetroApp */ = {
			isa = PBXNativeTarget;
			buildConfigurationList = B33489331FE166FF0098E8F1 /* Build configuration list for PBXNativeTarget "RetroApp" */;
			buildPhases = (
				B334891D1FE166FF0098E8F1 /* Sources */,
				B334891E1FE166FF0098E8F1 /* Frameworks */,
				B334891F1FE166FF0098E8F1 /* Resources */,
			);
			buildRules = (
			);
			dependencies = (
			);
			name = RetroApp;
			productName = RetroApp;
			productReference = B33489211FE166FF0098E8F1 /* RetroApp.app */;
			productType = "com.apple.product-type.application";
		};
/* End PBXNativeTarget section */

/* Begin PBXProject section */
		B33489191FE166FF0098E8F1 /* Project object */ = {
			isa = PBXProject;
			attributes = {
				LastSwiftUpdateCheck = 0910;
				LastUpgradeCheck = 0910;
				ORGANIZATIONNAME = ZachS;
				TargetAttributes = {
					B33489201FE166FF0098E8F1 = {
						CreatedOnToolsVersion = 9.1;
						LastSwiftMigration = 0920;
						ProvisioningStyle = Automatic;
					};
				};
			};
			buildConfigurationList = B334891C1FE166FF0098E8F1 /* Build configuration list for PBXProject "RetroApp" */;
			compatibilityVersion = "Xcode 8.0";
			developmentRegion = en;
			hasScannedForEncodings = 0;
			knownRegions = (
				en,
				Base,
			);
			mainGroup = B33489181FE166FF0098E8F1;
			productRefGroup = B33489221FE166FF0098E8F1 /* Products */;
			projectDirPath = "";
			projectRoot = "";
			targets = (
				B33489201FE166FF0098E8F1 /* RetroApp */,
			);
		};
/* End PBXProject section */

/* Begin PBXResourcesBuildPhase section */
		B334891F1FE166FF0098E8F1 /* Resources */ = {
			isa = PBXResourcesBuildPhase;
			buildActionMask = 2147483647;
			files = (
				03E27B182006513A0043867A /* Sound Effects in Resources */,
				B33489441FE16A250098E8F1 /* Wheel.storyboard in Resources */,
				8A2C031A2004FB2500A4D87A /* PongGameScene.sks in Resources */,
				036E350D201624EB004E0E8A /* GauntletGameScene.sks in Resources */,
				B334892F1FE166FF0098E8F1 /* LaunchScreen.storyboard in Resources */,
				B33489601FE16B570098E8F1 /* Pong.storyboard in Resources */,
				B3439B552007A53D0055E70F /* Actions.sks in Resources */,
				F872D67A200E35A300E85B67 /* Snake.storyboard in Resources */,
				B33489501FE16AC60098E8F1 /* LeaderBoard.storyboard in Resources */,
				B334894C1FE16A8D0098E8F1 /* Achievements.storyboard in Resources */,
				8A2C03122004FAAA00A4D87A /* Actions.sks in Resources */,
				B334892C1FE166FF0098E8F1 /* Assets.xcassets in Resources */,
				036E350F201625F2004E0E8A /* Gauntlet.storyboard in Resources */,
				B33489581FE16B100098E8F1 /* Pacman.storyboard in Resources */,
				03E27B272006516A0043867A /* Actions.sks in Resources */,
				03E27B172006513A0043867A /* Images in Resources */,
				B334892A1FE166FF0098E8F1 /* Main.storyboard in Resources */,
				B3439B542007A53D0055E70F /* PacmanGameScene.sks in Resources */,
				B334894A1FE16A7C0098E8F1 /* PlayerProfile.storyboard in Resources */,
				B33489541FE16AE40098E8F1 /* SpaceInvaders.storyboard in Resources */,
				8A2C03192004FB2500A4D87A /* TitleScene.sks in Resources */,
			);
			runOnlyForDeploymentPostprocessing = 0;
		};
/* End PBXResourcesBuildPhase section */

/* Begin PBXSourcesBuildPhase section */
		B334891D1FE166FF0098E8F1 /* Sources */ = {
			isa = PBXSourcesBuildPhase;
			buildActionMask = 2147483647;
			files = (
				03E27B2A2006516A0043867A /* GameViewController.swift in Sources */,
				8A2C031E2004FB3B00A4D87A /* PongGameViewController.swift in Sources */,
				B33489521FE16AD40098E8F1 /* LeaderboardVC.swift in Sources */,
				B3439B4F2007A53D0055E70F /* Grid Detection X.swift in Sources */,
				B3439B502007A53D0055E70F /* Map.swift in Sources */,
				B3439B512007A53D0055E70F /* PacmanGameScene.swift in Sources */,
				B3439B4E2007A53D0055E70F /* ClydeAI.swift in Sources */,
				B3439B562007A53D0055E70F /* PinkyAI.swift in Sources */,
				8A2C03182004FB2500A4D87A /* PongGameScene.swift in Sources */,
				03E27B232006516A0043867A /* CharacterSelectionViewController.swift in Sources */,
				B33489641FE16B6E0098E8F1 /* SnakeVC.swift in Sources */,
				03E27B282006516A0043867A /* scoreViewController.swift in Sources */,
				6B676E661FEBEEA8005C0462 /* GameOverScene.swift in Sources */,
				03E27B262006516A0043867A /* Universal Variables.swift in Sources */,
				B3439B4C2007A53D0055E70F /* Move.swift in Sources */,
				F8273120200E374C002F065F /* SnakeViewController.swift in Sources */,
				B3439B532007A53D0055E70F /* Grid Detection Y.swift in Sources */,
				B33489271FE166FF0098E8F1 /* ViewController.swift in Sources */,
				B39D05741FE402E70072031D /* ToPlayerProfile.swift in Sources */,
				B3439B4D2007A53D0055E70F /* Center of tile function.swift in Sources */,
				8A2C03172004FB2500A4D87A /* TitleScene.swift in Sources */,
				B334895C1FE16B2F0098E8F1 /* GauntletVC.swift in Sources */,
				B39D05721FE401F50072031D /* ToWheel.swift in Sources */,
				B334895A1FE16B1D0098E8F1 /* PacmanVC.swift in Sources */,
				B33489461FE16A380098E8F1 /* WheelVC.swift in Sources */,
				B33489251FE166FF0098E8F1 /* AppDelegate.swift in Sources */,
				B3439B522007A53D0055E70F /* InkyAI.swift in Sources */,
				B33489481FE16A6D0098E8F1 /* PlayerProfileVC.swift in Sources */,
				03E27B252006516A0043867A /* TutorialViewController.swift in Sources */,
				6B676E681FEBEEF2005C0462 /* SpaceGameScene.swift in Sources */,
				B3439B4B2007A53D0055E70F /* grid detection.swift in Sources */,
				F8273121200E374C002F065F /* Snake.swift in Sources */,
				03E27B242006516A0043867A /* GauntletGameScene.swift in Sources */,
				B33489561FE16AFD0098E8F1 /* SpaceInvadersVC.swift in Sources */,
				B33489621FE16B630098E8F1 /* PongVC.swift in Sources */,
				B39D05781FE403730072031D /* ToLeaderboard.swift in Sources */,
				B39D05761FE4033C0072031D /* ToAchievements.swift in Sources */,
				B3439B4A2007A53D0055E70F /* BlinkAI.swift in Sources */,
				B334894E1FE16AA50098E8F1 /* AchievementsVC.swift in Sources */,
			);
			runOnlyForDeploymentPostprocessing = 0;
		};
/* End PBXSourcesBuildPhase section */

/* Begin PBXVariantGroup section */
		B33489281FE166FF0098E8F1 /* Main.storyboard */ = {
			isa = PBXVariantGroup;
			children = (
				B33489291FE166FF0098E8F1 /* Base */,
			);
			name = Main.storyboard;
			sourceTree = "<group>";
		};
		B334892D1FE166FF0098E8F1 /* LaunchScreen.storyboard */ = {
			isa = PBXVariantGroup;
			children = (
				B334892E1FE166FF0098E8F1 /* Base */,
			);
			name = LaunchScreen.storyboard;
			sourceTree = "<group>";
		};
/* End PBXVariantGroup section */

/* Begin XCBuildConfiguration section */
		B33489311FE166FF0098E8F1 /* Debug */ = {
			isa = XCBuildConfiguration;
			buildSettings = {
				ALWAYS_SEARCH_USER_PATHS = NO;
				CLANG_ANALYZER_NONNULL = YES;
				CLANG_ANALYZER_NUMBER_OBJECT_CONVERSION = YES_AGGRESSIVE;
				CLANG_CXX_LANGUAGE_STANDARD = "gnu++14";
				CLANG_CXX_LIBRARY = "libc++";
				CLANG_ENABLE_MODULES = YES;
				CLANG_ENABLE_OBJC_ARC = YES;
				CLANG_WARN_BLOCK_CAPTURE_AUTORELEASING = YES;
				CLANG_WARN_BOOL_CONVERSION = YES;
				CLANG_WARN_COMMA = YES;
				CLANG_WARN_CONSTANT_CONVERSION = YES;
				CLANG_WARN_DIRECT_OBJC_ISA_USAGE = YES_ERROR;
				CLANG_WARN_DOCUMENTATION_COMMENTS = YES;
				CLANG_WARN_EMPTY_BODY = YES;
				CLANG_WARN_ENUM_CONVERSION = YES;
				CLANG_WARN_INFINITE_RECURSION = YES;
				CLANG_WARN_INT_CONVERSION = YES;
				CLANG_WARN_NON_LITERAL_NULL_CONVERSION = YES;
				CLANG_WARN_OBJC_LITERAL_CONVERSION = YES;
				CLANG_WARN_OBJC_ROOT_CLASS = YES_ERROR;
				CLANG_WARN_RANGE_LOOP_ANALYSIS = YES;
				CLANG_WARN_STRICT_PROTOTYPES = YES;
				CLANG_WARN_SUSPICIOUS_MOVE = YES;
				CLANG_WARN_UNGUARDED_AVAILABILITY = YES_AGGRESSIVE;
				CLANG_WARN_UNREACHABLE_CODE = YES;
				CLANG_WARN__DUPLICATE_METHOD_MATCH = YES;
				CODE_SIGN_IDENTITY = "iPhone Developer";
				COPY_PHASE_STRIP = NO;
				DEBUG_INFORMATION_FORMAT = dwarf;
				ENABLE_STRICT_OBJC_MSGSEND = YES;
				ENABLE_TESTABILITY = YES;
				GCC_C_LANGUAGE_STANDARD = gnu11;
				GCC_DYNAMIC_NO_PIC = NO;
				GCC_NO_COMMON_BLOCKS = YES;
				GCC_OPTIMIZATION_LEVEL = 0;
				GCC_PREPROCESSOR_DEFINITIONS = (
					"DEBUG=1",
					"$(inherited)",
				);
				GCC_WARN_64_TO_32_BIT_CONVERSION = YES;
				GCC_WARN_ABOUT_RETURN_TYPE = YES_ERROR;
				GCC_WARN_UNDECLARED_SELECTOR = YES;
				GCC_WARN_UNINITIALIZED_AUTOS = YES_AGGRESSIVE;
				GCC_WARN_UNUSED_FUNCTION = YES;
				GCC_WARN_UNUSED_VARIABLE = YES;
				IPHONEOS_DEPLOYMENT_TARGET = 11.1;
				MTL_ENABLE_DEBUG_INFO = YES;
				ONLY_ACTIVE_ARCH = YES;
				SDKROOT = iphoneos;
				SWIFT_ACTIVE_COMPILATION_CONDITIONS = DEBUG;
				SWIFT_OPTIMIZATION_LEVEL = "-Onone";
			};
			name = Debug;
		};
		B33489321FE166FF0098E8F1 /* Release */ = {
			isa = XCBuildConfiguration;
			buildSettings = {
				ALWAYS_SEARCH_USER_PATHS = NO;
				CLANG_ANALYZER_NONNULL = YES;
				CLANG_ANALYZER_NUMBER_OBJECT_CONVERSION = YES_AGGRESSIVE;
				CLANG_CXX_LANGUAGE_STANDARD = "gnu++14";
				CLANG_CXX_LIBRARY = "libc++";
				CLANG_ENABLE_MODULES = YES;
				CLANG_ENABLE_OBJC_ARC = YES;
				CLANG_WARN_BLOCK_CAPTURE_AUTORELEASING = YES;
				CLANG_WARN_BOOL_CONVERSION = YES;
				CLANG_WARN_COMMA = YES;
				CLANG_WARN_CONSTANT_CONVERSION = YES;
				CLANG_WARN_DIRECT_OBJC_ISA_USAGE = YES_ERROR;
				CLANG_WARN_DOCUMENTATION_COMMENTS = YES;
				CLANG_WARN_EMPTY_BODY = YES;
				CLANG_WARN_ENUM_CONVERSION = YES;
				CLANG_WARN_INFINITE_RECURSION = YES;
				CLANG_WARN_INT_CONVERSION = YES;
				CLANG_WARN_NON_LITERAL_NULL_CONVERSION = YES;
				CLANG_WARN_OBJC_LITERAL_CONVERSION = YES;
				CLANG_WARN_OBJC_ROOT_CLASS = YES_ERROR;
				CLANG_WARN_RANGE_LOOP_ANALYSIS = YES;
				CLANG_WARN_STRICT_PROTOTYPES = YES;
				CLANG_WARN_SUSPICIOUS_MOVE = YES;
				CLANG_WARN_UNGUARDED_AVAILABILITY = YES_AGGRESSIVE;
				CLANG_WARN_UNREACHABLE_CODE = YES;
				CLANG_WARN__DUPLICATE_METHOD_MATCH = YES;
				CODE_SIGN_IDENTITY = "iPhone Developer";
				COPY_PHASE_STRIP = NO;
				DEBUG_INFORMATION_FORMAT = "dwarf-with-dsym";
				ENABLE_NS_ASSERTIONS = NO;
				ENABLE_STRICT_OBJC_MSGSEND = YES;
				GCC_C_LANGUAGE_STANDARD = gnu11;
				GCC_NO_COMMON_BLOCKS = YES;
				GCC_WARN_64_TO_32_BIT_CONVERSION = YES;
				GCC_WARN_ABOUT_RETURN_TYPE = YES_ERROR;
				GCC_WARN_UNDECLARED_SELECTOR = YES;
				GCC_WARN_UNINITIALIZED_AUTOS = YES_AGGRESSIVE;
				GCC_WARN_UNUSED_FUNCTION = YES;
				GCC_WARN_UNUSED_VARIABLE = YES;
				IPHONEOS_DEPLOYMENT_TARGET = 11.1;
				MTL_ENABLE_DEBUG_INFO = NO;
				SDKROOT = iphoneos;
				SWIFT_OPTIMIZATION_LEVEL = "-Owholemodule";
				VALIDATE_PRODUCT = YES;
			};
			name = Release;
		};
		B33489341FE166FF0098E8F1 /* Debug */ = {
			isa = XCBuildConfiguration;
			buildSettings = {
				ASSETCATALOG_COMPILER_APPICON_NAME = AppIcon;
				CLANG_ENABLE_MODULES = YES;
				CODE_SIGN_STYLE = Automatic;
				DEVELOPMENT_TEAM = 82BQ2MD3YW;
				INFOPLIST_FILE = RetroApp/Info.plist;
				IPHONEOS_DEPLOYMENT_TARGET = 9.3;
				LD_RUNPATH_SEARCH_PATHS = "$(inherited) @executable_path/Frameworks";
				PRODUCT_BUNDLE_IDENTIFIER = ZS.RetroApp;
				PRODUCT_NAME = "$(TARGET_NAME)";
				SWIFT_OBJC_BRIDGING_HEADER = "RetroApp/Snake/RetroApp-Bridging-Header.h";
				SWIFT_OPTIMIZATION_LEVEL = "-Onone";
				SWIFT_VERSION = 4.0;
				TARGETED_DEVICE_FAMILY = "1,2";
			};
			name = Debug;
		};
		B33489351FE166FF0098E8F1 /* Release */ = {
			isa = XCBuildConfiguration;
			buildSettings = {
				ASSETCATALOG_COMPILER_APPICON_NAME = AppIcon;
				CLANG_ENABLE_MODULES = YES;
				CODE_SIGN_STYLE = Automatic;
				DEVELOPMENT_TEAM = 82BQ2MD3YW;
				INFOPLIST_FILE = RetroApp/Info.plist;
				IPHONEOS_DEPLOYMENT_TARGET = 9.3;
				LD_RUNPATH_SEARCH_PATHS = "$(inherited) @executable_path/Frameworks";
				PRODUCT_BUNDLE_IDENTIFIER = ZS.RetroApp;
				PRODUCT_NAME = "$(TARGET_NAME)";
				SWIFT_OBJC_BRIDGING_HEADER = "RetroApp/Snake/RetroApp-Bridging-Header.h";
				SWIFT_VERSION = 4.0;
				TARGETED_DEVICE_FAMILY = "1,2";
			};
			name = Release;
		};
/* End XCBuildConfiguration section */

/* Begin XCConfigurationList section */
		B334891C1FE166FF0098E8F1 /* Build configuration list for PBXProject "RetroApp" */ = {
			isa = XCConfigurationList;
			buildConfigurations = (
				B33489311FE166FF0098E8F1 /* Debug */,
				B33489321FE166FF0098E8F1 /* Release */,
			);
			defaultConfigurationIsVisible = 0;
			defaultConfigurationName = Release;
		};
		B33489331FE166FF0098E8F1 /* Build configuration list for PBXNativeTarget "RetroApp" */ = {
			isa = XCConfigurationList;
			buildConfigurations = (
				B33489341FE166FF0098E8F1 /* Debug */,
				B33489351FE166FF0098E8F1 /* Release */,
			);
			defaultConfigurationIsVisible = 0;
			defaultConfigurationName = Release;
		};
/* End XCConfigurationList section */
	};
	rootObject = B33489191FE166FF0098E8F1 /* Project object */;
}
